
Microsoft Visual Studio Solution File, Format Version 12.00
# Visual Studio Version 16
VisualStudioVersion = 16.0.35130.168
MinimumVisualStudioVersion = 10.0.40219.1
Project("{FAE04EC0-301F-11D3-BF4B-00C04F79EFBC}") = "api", "api\api.csproj", "{9FA93B26-41BF-44AD-A1CF-38E198026A73}"
EndProject
Global
	GlobalSection(SolutionConfigurationPlatforms) = preSolution
		Debug|Any CPU = Debug|Any CPU
		Release|Any CPU = Release|Any CPU
	EndGlobalSection
	GlobalSection(ProjectConfigurationPlatforms) = postSolution
		{9FA93B26-41BF-44AD-A1CF-38E198026A73}.Debug|Any CPU.ActiveCfg = Debug|Any CPU
		{9FA93B26-41BF-44AD-A1CF-38E198026A73}.Debug|Any CPU.Build.0 = Debug|Any CPU
		{9FA93B26-41BF-44AD-A1CF-38E198026A73}.Release|Any CPU.ActiveCfg = Release|Any CPU
		{9FA93B26-41BF-44AD-A1CF-38E198026A73}.Release|Any CPU.Build.0 = Release|Any CPU
	EndGlobalSection
	GlobalSection(SolutionProperties) = preSolution
		HideSolutionNode = FALSE
	EndGlobalSection
	GlobalSection(ExtensibilityGlobals) = postSolution
		SolutionGuid = {9435A929-E949-40EB-99E4-44E76B33DA87}
	EndGlobalSection
EndGlobal
